
Microsoft Visual Studio Solution File, Format Version 12.00
# Visual Studio Version 16
VisualStudioVersion = 16.0.30907.101
MinimumVisualStudioVersion = 10.0.40219.1
Project("{2150E333-8FDC-42A3-9474-1A3956D46DE8}") = "src", "src", "{58536F03-9BDD-4EEF-898A-57A8367F109E}"
EndProject
Project("{2150E333-8FDC-42A3-9474-1A3956D46DE8}") = "tests", "tests", "{40002263-79BA-4EAF-B81F-96B60890B764}"
EndProject
Project("{2150E333-8FDC-42A3-9474-1A3956D46DE8}") = "Domain", "Domain", "{BF7978D4-D92A-41E0-8E09-709B81D73EF0}"
EndProject
Project("{2150E333-8FDC-42A3-9474-1A3956D46DE8}") = "Interface", "Interface", "{33CF7591-069F-43CF-AE2C-3EE89F680778}"
EndProject
Project("{2150E333-8FDC-42A3-9474-1A3956D46DE8}") = "Infrastructure", "Infrastructure", "{3FD6724B-2E43-47E0-959C-C5898C3BFAA2}"
EndProject
Project("{2150E333-8FDC-42A3-9474-1A3956D46DE8}") = "Host", "Host", "{14E081F6-0DE6-475D-B9A6-A9637B5CFA5F}"
EndProject
Project("{9A19103F-16F7-4668-BE54-9A1E7A4F7556}") = "TimeTable.Domain", "TimeTable.Domain\TimeTable.Domain.csproj", "{1BC50AEA-C605-43F4-9C71-37D5FC77A104}"
EndProject
Project("{9A19103F-16F7-4668-BE54-9A1E7A4F7556}") = "TimeTable.Facade.Contracts", "TimeTable.Facade.Contracts\TimeTable.Facade.Contracts.csproj", "{6FA7044D-4CD5-4ABB-A8E3-FDD945B9FF4F}"
EndProject
Project("{9A19103F-16F7-4668-BE54-9A1E7A4F7556}") = "TimeTable.Facade.Service", "TimeTable.Facade.Service\TimeTable.Facade.Service.csproj", "{237FB740-634A-4EB6-8941-5B676117D501}"
EndProject
Project("{9A19103F-16F7-4668-BE54-9A1E7A4F7556}") = "TimeTable.Facade.Query", "TimeTable.Facade.Query\TimeTable.Facade.Query.csproj", "{6591DD24-A329-4C77-ABCA-8E0906FB60DD}"
EndProject
Project("{9A19103F-16F7-4668-BE54-9A1E7A4F7556}") = "TimeTable.Persistence", "TimeTable.Persistence\TimeTable.Persistence.csproj", "{6B1CB98A-BBA2-40F7-BC06-1CAB81099D53}"
EndProject
Project("{9A19103F-16F7-4668-BE54-9A1E7A4F7556}") = "TimeTable.Bootstrap", "TimeTable.Bootstrap\TimeTable.Bootstrap.csproj", "{3AD4DCB7-AA58-4F68-8ABF-BDB4B9440847}"
EndProject
Project("{9A19103F-16F7-4668-BE54-9A1E7A4F7556}") = "TimeTable.Migration", "TimeTable.Migration\TimeTable.Migration.csproj", "{31ADCC04-B42D-4D06-BCC6-76CEFF3A0B8F}"
EndProject
Project("{2150E333-8FDC-42A3-9474-1A3956D46DE8}") = "Framework", "Framework", "{FD5D740C-7A84-4D92-A16A-9B5DB58821E3}"
EndProject
Project("{9A19103F-16F7-4668-BE54-9A1E7A4F7556}") = "Framework.Core", "Framework.Core\Framework.Core.csproj", "{A032E7D2-FC28-4193-B2B4-BE2264FF1726}"
EndProject
Project("{9A19103F-16F7-4668-BE54-9A1E7A4F7556}") = "Framework.Domain", "Framework.Domain\Framework.Domain.csproj", "{68002CC2-4544-4C67-AD86-416BB70CE4C5}"
EndProject
Project("{9A19103F-16F7-4668-BE54-9A1E7A4F7556}") = "TimeTable.NLog", "TimeTable.NLog\TimeTable.NLog.csproj", "{06FD9537-F138-4A5D-91A0-2D4052C62146}"
EndProject
Project("{9A19103F-16F7-4668-BE54-9A1E7A4F7556}") = "TimeTable.Tests.Tools", "..\Tests\TimeTable.Tests.Tools\TimeTable.Tests.Tools.csproj", "{C60CEEFA-E9AD-4783-9C5E-D2FF365CB1EC}"
EndProject
Project("{9A19103F-16F7-4668-BE54-9A1E7A4F7556}") = "TimeTable.Domain.Tests.Unit", "..\Tests\TimeTable.Domain.Tests.Unit\TimeTable.Domain.Tests.Unit.csproj", "{3DF518C0-8F3F-44A5-92C1-44B4F9D8D5E9}"
EndProject
Project("{FAE04EC0-301F-11D3-BF4B-00C04F79EFBC}") = "TimeTableHost", "TimeTableHost\TimeTableHost.csproj", "{5D0E3276-6006-4924-AF63-A845E458E965}"
EndProject
Global
	GlobalSection(SolutionConfigurationPlatforms) = preSolution
		Debug|Any CPU = Debug|Any CPU
		Release|Any CPU = Release|Any CPU
	EndGlobalSection
	GlobalSection(ProjectConfigurationPlatforms) = postSolution
		{1BC50AEA-C605-43F4-9C71-37D5FC77A104}.Debug|Any CPU.ActiveCfg = Debug|Any CPU
		{1BC50AEA-C605-43F4-9C71-37D5FC77A104}.Debug|Any CPU.Build.0 = Debug|Any CPU
		{1BC50AEA-C605-43F4-9C71-37D5FC77A104}.Release|Any CPU.ActiveCfg = Release|Any CPU
		{1BC50AEA-C605-43F4-9C71-37D5FC77A104}.Release|Any CPU.Build.0 = Release|Any CPU
		{6FA7044D-4CD5-4ABB-A8E3-FDD945B9FF4F}.Debug|Any CPU.ActiveCfg = Debug|Any CPU
		{6FA7044D-4CD5-4ABB-A8E3-FDD945B9FF4F}.Debug|Any CPU.Build.0 = Debug|Any CPU
		{6FA7044D-4CD5-4ABB-A8E3-FDD945B9FF4F}.Release|Any CPU.ActiveCfg = Release|Any CPU
		{6FA7044D-4CD5-4ABB-A8E3-FDD945B9FF4F}.Release|Any CPU.Build.0 = Release|Any CPU
		{237FB740-634A-4EB6-8941-5B676117D501}.Debug|Any CPU.ActiveCfg = Debug|Any CPU
		{237FB740-634A-4EB6-8941-5B676117D501}.Debug|Any CPU.Build.0 = Debug|Any CPU
		{237FB740-634A-4EB6-8941-5B676117D501}.Release|Any CPU.ActiveCfg = Release|Any CPU
		{237FB740-634A-4EB6-8941-5B676117D501}.Release|Any CPU.Build.0 = Release|Any CPU
		{6591DD24-A329-4C77-ABCA-8E0906FB60DD}.Debug|Any CPU.ActiveCfg = Debug|Any CPU
		{6591DD24-A329-4C77-ABCA-8E0906FB60DD}.Debug|Any CPU.Build.0 = Debug|Any CPU
		{6591DD24-A329-4C77-ABCA-8E0906FB60DD}.Release|Any CPU.ActiveCfg = Release|Any CPU
		{6591DD24-A329-4C77-ABCA-8E0906FB60DD}.Release|Any CPU.Build.0 = Release|Any CPU
		{6B1CB98A-BBA2-40F7-BC06-1CAB81099D53}.Debug|Any CPU.ActiveCfg = Debug|Any CPU
		{6B1CB98A-BBA2-40F7-BC06-1CAB81099D53}.Debug|Any CPU.Build.0 = Debug|Any CPU
		{6B1CB98A-BBA2-40F7-BC06-1CAB81099D53}.Release|Any CPU.ActiveCfg = Release|Any CPU
		{6B1CB98A-BBA2-40F7-BC06-1CAB81099D53}.Release|Any CPU.Build.0 = Release|Any CPU
		{3AD4DCB7-AA58-4F68-8ABF-BDB4B9440847}.Debug|Any CPU.ActiveCfg = Debug|Any CPU
		{3AD4DCB7-AA58-4F68-8ABF-BDB4B9440847}.Debug|Any CPU.Build.0 = Debug|Any CPU
		{3AD4DCB7-AA58-4F68-8ABF-BDB4B9440847}.Release|Any CPU.ActiveCfg = Release|Any CPU
		{3AD4DCB7-AA58-4F68-8ABF-BDB4B9440847}.Release|Any CPU.Build.0 = Release|Any CPU
		{31ADCC04-B42D-4D06-BCC6-76CEFF3A0B8F}.Debug|Any CPU.ActiveCfg = Debug|Any CPU
		{31ADCC04-B42D-4D06-BCC6-76CEFF3A0B8F}.Debug|Any CPU.Build.0 = Debug|Any CPU
		{31ADCC04-B42D-4D06-BCC6-76CEFF3A0B8F}.Release|Any CPU.ActiveCfg = Release|Any CPU
		{31ADCC04-B42D-4D06-BCC6-76CEFF3A0B8F}.Release|Any CPU.Build.0 = Release|Any CPU
		{A032E7D2-FC28-4193-B2B4-BE2264FF1726}.Debug|Any CPU.ActiveCfg = Debug|Any CPU
		{A032E7D2-FC28-4193-B2B4-BE2264FF1726}.Debug|Any CPU.Build.0 = Debug|Any CPU
		{A032E7D2-FC28-4193-B2B4-BE2264FF1726}.Release|Any CPU.ActiveCfg = Release|Any CPU
		{A032E7D2-FC28-4193-B2B4-BE2264FF1726}.Release|Any CPU.Build.0 = Release|Any CPU
		{68002CC2-4544-4C67-AD86-416BB70CE4C5}.Debug|Any CPU.ActiveCfg = Debug|Any CPU
		{68002CC2-4544-4C67-AD86-416BB70CE4C5}.Debug|Any CPU.Build.0 = Debug|Any CPU
		{68002CC2-4544-4C67-AD86-416BB70CE4C5}.Release|Any CPU.ActiveCfg = Release|Any CPU
		{68002CC2-4544-4C67-AD86-416BB70CE4C5}.Release|Any CPU.Build.0 = Release|Any CPU
		{06FD9537-F138-4A5D-91A0-2D4052C62146}.Debug|Any CPU.ActiveCfg = Debug|Any CPU
		{06FD9537-F138-4A5D-91A0-2D4052C62146}.Debug|Any CPU.Build.0 = Debug|Any CPU
		{06FD9537-F138-4A5D-91A0-2D4052C62146}.Release|Any CPU.ActiveCfg = Release|Any CPU
		{06FD9537-F138-4A5D-91A0-2D4052C62146}.Release|Any CPU.Build.0 = Release|Any CPU
		{C60CEEFA-E9AD-4783-9C5E-D2FF365CB1EC}.Debug|Any CPU.ActiveCfg = Debug|Any CPU
		{C60CEEFA-E9AD-4783-9C5E-D2FF365CB1EC}.Debug|Any CPU.Build.0 = Debug|Any CPU
		{C60CEEFA-E9AD-4783-9C5E-D2FF365CB1EC}.Release|Any CPU.ActiveCfg = Release|Any CPU
		{C60CEEFA-E9AD-4783-9C5E-D2FF365CB1EC}.Release|Any CPU.Build.0 = Release|Any CPU
		{3DF518C0-8F3F-44A5-92C1-44B4F9D8D5E9}.Debug|Any CPU.ActiveCfg = Debug|Any CPU
		{3DF518C0-8F3F-44A5-92C1-44B4F9D8D5E9}.Debug|Any CPU.Build.0 = Debug|Any CPU
		{3DF518C0-8F3F-44A5-92C1-44B4F9D8D5E9}.Release|Any CPU.ActiveCfg = Release|Any CPU
		{3DF518C0-8F3F-44A5-92C1-44B4F9D8D5E9}.Release|Any CPU.Build.0 = Release|Any CPU
		{5D0E3276-6006-4924-AF63-A845E458E965}.Debug|Any CPU.ActiveCfg = Debug|Any CPU
		{5D0E3276-6006-4924-AF63-A845E458E965}.Debug|Any CPU.Build.0 = Debug|Any CPU
		{5D0E3276-6006-4924-AF63-A845E458E965}.Release|Any CPU.ActiveCfg = Release|Any CPU
		{5D0E3276-6006-4924-AF63-A845E458E965}.Release|Any CPU.Build.0 = Release|Any CPU
	EndGlobalSection
	GlobalSection(SolutionProperties) = preSolution
		HideSolutionNode = FALSE
	EndGlobalSection
	GlobalSection(NestedProjects) = preSolution
		{BF7978D4-D92A-41E0-8E09-709B81D73EF0} = {58536F03-9BDD-4EEF-898A-57A8367F109E}
		{33CF7591-069F-43CF-AE2C-3EE89F680778} = {58536F03-9BDD-4EEF-898A-57A8367F109E}
		{3FD6724B-2E43-47E0-959C-C5898C3BFAA2} = {58536F03-9BDD-4EEF-898A-57A8367F109E}
		{14E081F6-0DE6-475D-B9A6-A9637B5CFA5F} = {58536F03-9BDD-4EEF-898A-57A8367F109E}
		{1BC50AEA-C605-43F4-9C71-37D5FC77A104} = {BF7978D4-D92A-41E0-8E09-709B81D73EF0}
		{6FA7044D-4CD5-4ABB-A8E3-FDD945B9FF4F} = {33CF7591-069F-43CF-AE2C-3EE89F680778}
		{237FB740-634A-4EB6-8941-5B676117D501} = {33CF7591-069F-43CF-AE2C-3EE89F680778}
		{6591DD24-A329-4C77-ABCA-8E0906FB60DD} = {33CF7591-069F-43CF-AE2C-3EE89F680778}
		{6B1CB98A-BBA2-40F7-BC06-1CAB81099D53} = {3FD6724B-2E43-47E0-959C-C5898C3BFAA2}
		{3AD4DCB7-AA58-4F68-8ABF-BDB4B9440847} = {3FD6724B-2E43-47E0-959C-C5898C3BFAA2}
		{31ADCC04-B42D-4D06-BCC6-76CEFF3A0B8F} = {3FD6724B-2E43-47E0-959C-C5898C3BFAA2}
		{A032E7D2-FC28-4193-B2B4-BE2264FF1726} = {FD5D740C-7A84-4D92-A16A-9B5DB58821E3}
		{68002CC2-4544-4C67-AD86-416BB70CE4C5} = {FD5D740C-7A84-4D92-A16A-9B5DB58821E3}
		{06FD9537-F138-4A5D-91A0-2D4052C62146} = {3FD6724B-2E43-47E0-959C-C5898C3BFAA2}
		{C60CEEFA-E9AD-4783-9C5E-D2FF365CB1EC} = {40002263-79BA-4EAF-B81F-96B60890B764}
		{3DF518C0-8F3F-44A5-92C1-44B4F9D8D5E9} = {40002263-79BA-4EAF-B81F-96B60890B764}
		{5D0E3276-6006-4924-AF63-A845E458E965} = {14E081F6-0DE6-475D-B9A6-A9637B5CFA5F}
	EndGlobalSection
	GlobalSection(ExtensibilityGlobals) = postSolution
		SolutionGuid = {DD759B0B-0B5F-4D60-AC5B-7A10FA889BBF}
	EndGlobalSection
EndGlobal
